// !$*UTF8*$!
{
	archiveVersion = 1;
	classes = {
	};
	objectVersion = 77;
	objects = {

/* Begin PBXBuildFile section */
		3D3591922E0BA45800BF7467 /* QuickCalculatorWatch Watch App.app in Embed Watch Content */ = {isa = PBXBuildFile; fileRef = 3D3591912E0BA45800BF7467 /* QuickCalculatorWatch Watch App.app */; settings = {ATTRIBUTES = (RemoveHeadersOnCopy, ); }; };
/* End PBXBuildFile section */

/* Begin PBXContainerItemProxy section */
		3D24FF282E0B8EBC0042C86F /* PBXContainerItemProxy */ = {
			isa = PBXContainerItemProxy;
			containerPortal = 3D24FF0E2E0B8EBA0042C86F /* Project object */;
			proxyType = 1;
			remoteGlobalIDString = 3D24FF152E0B8EBB0042C86F;
			remoteInfo = QuickCalculator;
		};
		3D24FF322E0B8EBC0042C86F /* PBXContainerItemProxy */ = {
			isa = PBXContainerItemProxy;
			containerPortal = 3D24FF0E2E0B8EBA0042C86F /* Project object */;
			proxyType = 1;
			remoteGlobalIDString = 3D24FF152E0B8EBB0042C86F;
			remoteInfo = QuickCalculator;
		};
		3D35917C2E0BA45800BF7467 /* PBXContainerItemProxy */ = {
			isa = PBXContainerItemProxy;
			containerPortal = 3D24FF0E2E0B8EBA0042C86F /* Project object */;
			proxyType = 1;
			remoteGlobalIDString = 3D35916E2E0BA45700BF7467;
			remoteInfo = QuickCalculatorWatch;
		};
		3D3591862E0BA45800BF7467 /* PBXContainerItemProxy */ = {
			isa = PBXContainerItemProxy;
			containerPortal = 3D24FF0E2E0B8EBA0042C86F /* Project object */;
			proxyType = 1;
			remoteGlobalIDString = 3D35916E2E0BA45700BF7467;
			remoteInfo = QuickCalculatorWatch;
		};
		3D3591932E0BA45800BF7467 /* PBXContainerItemProxy */ = {
			isa = PBXContainerItemProxy;
			containerPortal = 3D24FF0E2E0B8EBA0042C86F /* Project object */;
			proxyType = 1;
			remoteGlobalIDString = 3D3591902E0BA45800BF7467;
			remoteInfo = "QuickCalculatorWatch Watch App";
		};
		3D3591A12E0BA45800BF7467 /* PBXContainerItemProxy */ = {
			isa = PBXContainerItemProxy;
			containerPortal = 3D24FF0E2E0B8EBA0042C86F /* Project object */;
			proxyType = 1;
			remoteGlobalIDString = 3D3591902E0BA45800BF7467;
			remoteInfo = "QuickCalculatorWatch Watch App";
		};
		3D3591AB2E0BA45800BF7467 /* PBXContainerItemProxy */ = {
			isa = PBXContainerItemProxy;
			containerPortal = 3D24FF0E2E0B8EBA0042C86F /* Project object */;
			proxyType = 1;
			remoteGlobalIDString = 3D3591902E0BA45800BF7467;
			remoteInfo = "QuickCalculatorWatch Watch App";
		};
/* End PBXContainerItemProxy section */

/* Begin PBXCopyFilesBuildPhase section */
		3D3591B52E0BA45800BF7467 /* Embed Watch Content */ = {
			isa = PBXCopyFilesBuildPhase;
			buildActionMask = 2147483647;
			dstPath = "$(CONTENTS_FOLDER_PATH)/Watch";
			dstSubfolderSpec = 16;
			files = (
				3D3591922E0BA45800BF7467 /* QuickCalculatorWatch Watch App.app in Embed Watch Content */,
			);
			name = "Embed Watch Content";
			runOnlyForDeploymentPostprocessing = 0;
		};
/* End PBXCopyFilesBuildPhase section */

/* Begin PBXFileReference section */
		3D24FF162E0B8EBB0042C86F /* QuickCalculator.app */ = {isa = PBXFileReference; explicitFileType = wrapper.application; includeInIndex = 0; path = QuickCalculator.app; sourceTree = BUILT_PRODUCTS_DIR; };
		3D24FF272E0B8EBC0042C86F /* QuickCalculatorTests.xctest */ = {isa = PBXFileReference; explicitFileType = wrapper.cfbundle; includeInIndex = 0; path = QuickCalculatorTests.xctest; sourceTree = BUILT_PRODUCTS_DIR; };
		3D24FF312E0B8EBC0042C86F /* QuickCalculatorUITests.xctest */ = {isa = PBXFileReference; explicitFileType = wrapper.cfbundle; includeInIndex = 0; path = QuickCalculatorUITests.xctest; sourceTree = BUILT_PRODUCTS_DIR; };
		3D35916F2E0BA45700BF7467 /* QuickCalculatorWatch.app */ = {isa = PBXFileReference; explicitFileType = wrapper.application; includeInIndex = 0; path = QuickCalculatorWatch.app; sourceTree = BUILT_PRODUCTS_DIR; };
		3D35917B2E0BA45800BF7467 /* QuickCalculatorWatchTests.xctest */ = {isa = PBXFileReference; explicitFileType = wrapper.cfbundle; includeInIndex = 0; path = QuickCalculatorWatchTests.xctest; sourceTree = BUILT_PRODUCTS_DIR; };
		3D3591852E0BA45800BF7467 /* QuickCalculatorWatchUITests.xctest */ = {isa = PBXFileReference; explicitFileType = wrapper.cfbundle; includeInIndex = 0; path = QuickCalculatorWatchUITests.xctest; sourceTree = BUILT_PRODUCTS_DIR; };
		3D3591912E0BA45800BF7467 /* QuickCalculatorWatch Watch App.app */ = {isa = PBXFileReference; explicitFileType = wrapper.application; includeInIndex = 0; path = "QuickCalculatorWatch Watch App.app"; sourceTree = BUILT_PRODUCTS_DIR; };
		3D3591A02E0BA45800BF7467 /* QuickCalculatorWatch Watch AppTests.xctest */ = {isa = PBXFileReference; explicitFileType = wrapper.cfbundle; includeInIndex = 0; path = "QuickCalculatorWatch Watch AppTests.xctest"; sourceTree = BUILT_PRODUCTS_DIR; };
		3D3591AA2E0BA45800BF7467 /* QuickCalculatorWatch Watch AppUITests.xctest */ = {isa = PBXFileReference; explicitFileType = wrapper.cfbundle; includeInIndex = 0; path = "QuickCalculatorWatch Watch AppUITests.xctest"; sourceTree = BUILT_PRODUCTS_DIR; };
/* End PBXFileReference section */

/* Begin PBXFileSystemSynchronizedBuildFileExceptionSet section */
		3D24FF392E0B8EBC0042C86F /* Exceptions for "QuickCalculator" folder in "QuickCalculator" target */ = {
			isa = PBXFileSystemSynchronizedBuildFileExceptionSet;
			membershipExceptions = (
				Info.plist,
				QuickCalculatorWatchApp.swift,
				WatchCalculatorView.swift,
			);
			target = 3D24FF152E0B8EBB0042C86F /* QuickCalculator */;
		};
		3D3591C82E0BA80A00BF7467 /* Exceptions for "QuickCalculator" folder in "QuickCalculatorWatch Watch App" target */ = {
			isa = PBXFileSystemSynchronizedBuildFileExceptionSet;
			membershipExceptions = (
				CalculatorButton.swift,
				CalculatorModel.swift,
				Color.swift,
				Item.swift,
				QuickCalculatorWatchApp.swift,
				WatchCalculatorView.swift,
			);
			target = 3D3591902E0BA45800BF7467 /* QuickCalculatorWatch Watch App */;
		};
		3D3591D12E0BAE2D00BF7467 /* Exceptions for "QuickCalculatorWatch Watch App" folder in "QuickCalculatorWatch Watch App" target */ = {
			isa = PBXFileSystemSynchronizedBuildFileExceptionSet;
			membershipExceptions = (
				QuickCalculatorWatchApp.swift,
			);
			target = 3D3591902E0BA45800BF7467 /* QuickCalculatorWatch Watch App */;
		};
/* End PBXFileSystemSynchronizedBuildFileExceptionSet section */

/* Begin PBXFileSystemSynchronizedRootGroup section */
		3D24FF182E0B8EBB0042C86F /* QuickCalculator */ = {
			isa = PBXFileSystemSynchronizedRootGroup;
			exceptions = (
				3D24FF392E0B8EBC0042C86F /* Exceptions for "QuickCalculator" folder in "QuickCalculator" target */,
				3D3591C82E0BA80A00BF7467 /* Exceptions for "QuickCalculator" folder in "QuickCalculatorWatch Watch App" target */,
			);
			path = QuickCalculator;
			sourceTree = "<group>";
		};
		3D24FF2A2E0B8EBC0042C86F /* QuickCalculatorTests */ = {
			isa = PBXFileSystemSynchronizedRootGroup;
			path = QuickCalculatorTests;
			sourceTree = "<group>";
		};
		3D24FF342E0B8EBC0042C86F /* QuickCalculatorUITests */ = {
			isa = PBXFileSystemSynchronizedRootGroup;
			path = QuickCalculatorUITests;
			sourceTree = "<group>";
		};
		3D3591702E0BA45700BF7467 /* QuickCalculatorWatch */ = {
			isa = PBXFileSystemSynchronizedRootGroup;
			path = QuickCalculatorWatch;
			sourceTree = "<group>";
		};
		3D35917E2E0BA45800BF7467 /* QuickCalculatorWatchTests */ = {
			isa = PBXFileSystemSynchronizedRootGroup;
			path = QuickCalculatorWatchTests;
			sourceTree = "<group>";
		};
		3D3591882E0BA45800BF7467 /* QuickCalculatorWatchUITests */ = {
			isa = PBXFileSystemSynchronizedRootGroup;
			path = QuickCalculatorWatchUITests;
			sourceTree = "<group>";
		};
		3D3591952E0BA45800BF7467 /* QuickCalculatorWatch Watch App */ = {
			isa = PBXFileSystemSynchronizedRootGroup;
			exceptions = (
				3D3591D12E0BAE2D00BF7467 /* Exceptions for "QuickCalculatorWatch Watch App" folder in "QuickCalculatorWatch Watch App" target */,
			);
			path = "QuickCalculatorWatch Watch App";
			sourceTree = "<group>";
		};
		3D3591A32E0BA45800BF7467 /* QuickCalculatorWatch Watch AppTests */ = {
			isa = PBXFileSystemSynchronizedRootGroup;
			path = "QuickCalculatorWatch Watch AppTests";
			sourceTree = "<group>";
		};
		3D3591AD2E0BA45800BF7467 /* QuickCalculatorWatch Watch AppUITests */ = {
			isa = PBXFileSystemSynchronizedRootGroup;
			path = "QuickCalculatorWatch Watch AppUITests";
			sourceTree = "<group>";
		};
/* End PBXFileSystemSynchronizedRootGroup section */

/* Begin PBXFrameworksBuildPhase section */
		3D24FF132E0B8EBB0042C86F /* Frameworks */ = {
			isa = PBXFrameworksBuildPhase;
			buildActionMask = 2147483647;
			files = (
			);
			runOnlyForDeploymentPostprocessing = 0;
		};
		3D24FF242E0B8EBC0042C86F /* Frameworks */ = {
			isa = PBXFrameworksBuildPhase;
			buildActionMask = 2147483647;
			files = (
			);
			runOnlyForDeploymentPostprocessing = 0;
		};
		3D24FF2E2E0B8EBC0042C86F /* Frameworks */ = {
			isa = PBXFrameworksBuildPhase;
			buildActionMask = 2147483647;
			files = (
			);
			runOnlyForDeploymentPostprocessing = 0;
		};
		3D35916C2E0BA45700BF7467 /* Frameworks */ = {
			isa = PBXFrameworksBuildPhase;
			buildActionMask = 2147483647;
			files = (
			);
			runOnlyForDeploymentPostprocessing = 0;
		};
		3D3591782E0BA45800BF7467 /* Frameworks */ = {
			isa = PBXFrameworksBuildPhase;
			buildActionMask = 2147483647;
			files = (
			);
			runOnlyForDeploymentPostprocessing = 0;
		};
		3D3591822E0BA45800BF7467 /* Frameworks */ = {
			isa = PBXFrameworksBuildPhase;
			buildActionMask = 2147483647;
			files = (
			);
			runOnlyForDeploymentPostprocessing = 0;
		};
		3D35918E2E0BA45800BF7467 /* Frameworks */ = {
			isa = PBXFrameworksBuildPhase;
			buildActionMask = 2147483647;
			files = (
			);
			runOnlyForDeploymentPostprocessing = 0;
		};
		3D35919D2E0BA45800BF7467 /* Frameworks */ = {
			isa = PBXFrameworksBuildPhase;
			buildActionMask = 2147483647;
			files = (
			);
			runOnlyForDeploymentPostprocessing = 0;
		};
		3D3591A72E0BA45800BF7467 /* Frameworks */ = {
			isa = PBXFrameworksBuildPhase;
			buildActionMask = 2147483647;
			files = (
			);
			runOnlyForDeploymentPostprocessing = 0;
		};
/* End PBXFrameworksBuildPhase section */

/* Begin PBXGroup section */
		3D24FF0D2E0B8EBA0042C86F = {
			isa = PBXGroup;
			children = (
				3D24FF182E0B8EBB0042C86F /* QuickCalculator */,
				3D24FF2A2E0B8EBC0042C86F /* QuickCalculatorTests */,
				3D24FF342E0B8EBC0042C86F /* QuickCalculatorUITests */,
				3D3591702E0BA45700BF7467 /* QuickCalculatorWatch */,
				3D35917E2E0BA45800BF7467 /* QuickCalculatorWatchTests */,
				3D3591882E0BA45800BF7467 /* QuickCalculatorWatchUITests */,
				3D3591952E0BA45800BF7467 /* QuickCalculatorWatch Watch App */,
				3D3591A32E0BA45800BF7467 /* QuickCalculatorWatch Watch AppTests */,
				3D3591AD2E0BA45800BF7467 /* QuickCalculatorWatch Watch AppUITests */,
				3D24FF172E0B8EBB0042C86F /* Products */,
			);
			sourceTree = "<group>";
		};
		3D24FF172E0B8EBB0042C86F /* Products */ = {
			isa = PBXGroup;
			children = (
				3D24FF162E0B8EBB0042C86F /* QuickCalculator.app */,
				3D24FF272E0B8EBC0042C86F /* QuickCalculatorTests.xctest */,
				3D24FF312E0B8EBC0042C86F /* QuickCalculatorUITests.xctest */,
				3D35916F2E0BA45700BF7467 /* QuickCalculatorWatch.app */,
				3D35917B2E0BA45800BF7467 /* QuickCalculatorWatchTests.xctest */,
				3D3591852E0BA45800BF7467 /* QuickCalculatorWatchUITests.xctest */,
				3D3591912E0BA45800BF7467 /* QuickCalculatorWatch Watch App.app */,
				3D3591A02E0BA45800BF7467 /* QuickCalculatorWatch Watch AppTests.xctest */,
				3D3591AA2E0BA45800BF7467 /* QuickCalculatorWatch Watch AppUITests.xctest */,
			);
			name = Products;
			sourceTree = "<group>";
		};
/* End PBXGroup section */

/* Begin PBXNativeTarget section */
		3D24FF152E0B8EBB0042C86F /* QuickCalculator */ = {
			isa = PBXNativeTarget;
			buildConfigurationList = 3D24FF3A2E0B8EBC0042C86F /* Build configuration list for PBXNativeTarget "QuickCalculator" */;
			buildPhases = (
				3D24FF122E0B8EBB0042C86F /* Sources */,
				3D24FF132E0B8EBB0042C86F /* Frameworks */,
				3D24FF142E0B8EBB0042C86F /* Resources */,
			);
			buildRules = (
			);
			dependencies = (
			);
			fileSystemSynchronizedGroups = (
				3D24FF182E0B8EBB0042C86F /* QuickCalculator */,
			);
			name = QuickCalculator;
			packageProductDependencies = (
			);
			productName = QuickCalculator;
			productReference = 3D24FF162E0B8EBB0042C86F /* QuickCalculator.app */;
			productType = "com.apple.product-type.application";
		};
		3D24FF262E0B8EBC0042C86F /* QuickCalculatorTests */ = {
			isa = PBXNativeTarget;
			buildConfigurationList = 3D24FF3F2E0B8EBC0042C86F /* Build configuration list for PBXNativeTarget "QuickCalculatorTests" */;
			buildPhases = (
				3D24FF232E0B8EBC0042C86F /* Sources */,
				3D24FF242E0B8EBC0042C86F /* Frameworks */,
				3D24FF252E0B8EBC0042C86F /* Resources */,
			);
			buildRules = (
			);
			dependencies = (
				3D24FF292E0B8EBC0042C86F /* PBXTargetDependency */,
			);
			fileSystemSynchronizedGroups = (
				3D24FF2A2E0B8EBC0042C86F /* QuickCalculatorTests */,
			);
			name = QuickCalculatorTests;
			packageProductDependencies = (
			);
			productName = QuickCalculatorTests;
			productReference = 3D24FF272E0B8EBC0042C86F /* QuickCalculatorTests.xctest */;
			productType = "com.apple.product-type.bundle.unit-test";
		};
		3D24FF302E0B8EBC0042C86F /* QuickCalculatorUITests */ = {
			isa = PBXNativeTarget;
			buildConfigurationList = 3D24FF422E0B8EBC0042C86F /* Build configuration list for PBXNativeTarget "QuickCalculatorUITests" */;
			buildPhases = (
				3D24FF2D2E0B8EBC0042C86F /* Sources */,
				3D24FF2E2E0B8EBC0042C86F /* Frameworks */,
				3D24FF2F2E0B8EBC0042C86F /* Resources */,
			);
			buildRules = (
			);
			dependencies = (
				3D24FF332E0B8EBC0042C86F /* PBXTargetDependency */,
			);
			fileSystemSynchronizedGroups = (
				3D24FF342E0B8EBC0042C86F /* QuickCalculatorUITests */,
			);
			name = QuickCalculatorUITests;
			packageProductDependencies = (
			);
			productName = QuickCalculatorUITests;
			productReference = 3D24FF312E0B8EBC0042C86F /* QuickCalculatorUITests.xctest */;
			productType = "com.apple.product-type.bundle.ui-testing";
		};
		3D35916E2E0BA45700BF7467 /* QuickCalculatorWatch */ = {
			isa = PBXNativeTarget;
			buildConfigurationList = 3D3591B62E0BA45800BF7467 /* Build configuration list for PBXNativeTarget "QuickCalculatorWatch" */;
			buildPhases = (
				3D35916B2E0BA45700BF7467 /* Sources */,
				3D35916C2E0BA45700BF7467 /* Frameworks */,
				3D35916D2E0BA45700BF7467 /* Resources */,
				3D3591B52E0BA45800BF7467 /* Embed Watch Content */,
			);
			buildRules = (
			);
			dependencies = (
				3D3591942E0BA45800BF7467 /* PBXTargetDependency */,
			);
			fileSystemSynchronizedGroups = (
				3D3591702E0BA45700BF7467 /* QuickCalculatorWatch */,
			);
			name = QuickCalculatorWatch;
			packageProductDependencies = (
			);
			productName = QuickCalculatorWatch;
			productReference = 3D35916F2E0BA45700BF7467 /* QuickCalculatorWatch.app */;
			productType = "com.apple.product-type.application";
		};
		3D35917A2E0BA45800BF7467 /* QuickCalculatorWatchTests */ = {
			isa = PBXNativeTarget;
			buildConfigurationList = 3D3591B92E0BA45800BF7467 /* Build configuration list for PBXNativeTarget "QuickCalculatorWatchTests" */;
			buildPhases = (
				3D3591772E0BA45800BF7467 /* Sources */,
				3D3591782E0BA45800BF7467 /* Frameworks */,
				3D3591792E0BA45800BF7467 /* Resources */,
			);
			buildRules = (
			);
			dependencies = (
				3D35917D2E0BA45800BF7467 /* PBXTargetDependency */,
			);
			fileSystemSynchronizedGroups = (
				3D35917E2E0BA45800BF7467 /* QuickCalculatorWatchTests */,
			);
			name = QuickCalculatorWatchTests;
			packageProductDependencies = (
			);
			productName = QuickCalculatorWatchTests;
			productReference = 3D35917B2E0BA45800BF7467 /* QuickCalculatorWatchTests.xctest */;
			productType = "com.apple.product-type.bundle.unit-test";
		};
		3D3591842E0BA45800BF7467 /* QuickCalculatorWatchUITests */ = {
			isa = PBXNativeTarget;
			buildConfigurationList = 3D3591BC2E0BA45800BF7467 /* Build configuration list for PBXNativeTarget "QuickCalculatorWatchUITests" */;
			buildPhases = (
				3D3591812E0BA45800BF7467 /* Sources */,
				3D3591822E0BA45800BF7467 /* Frameworks */,
				3D3591832E0BA45800BF7467 /* Resources */,
			);
			buildRules = (
			);
			dependencies = (
				3D3591872E0BA45800BF7467 /* PBXTargetDependency */,
			);
			fileSystemSynchronizedGroups = (
				3D3591882E0BA45800BF7467 /* QuickCalculatorWatchUITests */,
			);
			name = QuickCalculatorWatchUITests;
			packageProductDependencies = (
			);
			productName = QuickCalculatorWatchUITests;
			productReference = 3D3591852E0BA45800BF7467 /* QuickCalculatorWatchUITests.xctest */;
			productType = "com.apple.product-type.bundle.ui-testing";
		};
		3D3591902E0BA45800BF7467 /* QuickCalculatorWatch Watch App */ = {
			isa = PBXNativeTarget;
			buildConfigurationList = 3D3591B22E0BA45800BF7467 /* Build configuration list for PBXNativeTarget "QuickCalculatorWatch Watch App" */;
			buildPhases = (
				3D35918D2E0BA45800BF7467 /* Sources */,
				3D35918E2E0BA45800BF7467 /* Frameworks */,
				3D35918F2E0BA45800BF7467 /* Resources */,
			);
			buildRules = (
			);
			dependencies = (
			);
			fileSystemSynchronizedGroups = (
				3D3591952E0BA45800BF7467 /* QuickCalculatorWatch Watch App */,
			);
			name = "QuickCalculatorWatch Watch App";
			packageProductDependencies = (
			);
			productName = "QuickCalculatorWatch Watch App";
			productReference = 3D3591912E0BA45800BF7467 /* QuickCalculatorWatch Watch App.app */;
			productType = "com.apple.product-type.application";
		};
		3D35919F2E0BA45800BF7467 /* QuickCalculatorWatch Watch AppTests */ = {
			isa = PBXNativeTarget;
			buildConfigurationList = 3D3591BF2E0BA45800BF7467 /* Build configuration list for PBXNativeTarget "QuickCalculatorWatch Watch AppTests" */;
			buildPhases = (
				3D35919C2E0BA45800BF7467 /* Sources */,
				3D35919D2E0BA45800BF7467 /* Frameworks */,
				3D35919E2E0BA45800BF7467 /* Resources */,
			);
			buildRules = (
			);
			dependencies = (
				3D3591A22E0BA45800BF7467 /* PBXTargetDependency */,
			);
			fileSystemSynchronizedGroups = (
				3D3591A32E0BA45800BF7467 /* QuickCalculatorWatch Watch AppTests */,
			);
			name = "QuickCalculatorWatch Watch AppTests";
			packageProductDependencies = (
			);
			productName = "QuickCalculatorWatch Watch AppTests";
			productReference = 3D3591A02E0BA45800BF7467 /* QuickCalculatorWatch Watch AppTests.xctest */;
			productType = "com.apple.product-type.bundle.unit-test";
		};
		3D3591A92E0BA45800BF7467 /* QuickCalculatorWatch Watch AppUITests */ = {
			isa = PBXNativeTarget;
			buildConfigurationList = 3D3591C22E0BA45800BF7467 /* Build configuration list for PBXNativeTarget "QuickCalculatorWatch Watch AppUITests" */;
			buildPhases = (
				3D3591A62E0BA45800BF7467 /* Sources */,
				3D3591A72E0BA45800BF7467 /* Frameworks */,
				3D3591A82E0BA45800BF7467 /* Resources */,
			);
			buildRules = (
			);
			dependencies = (
				3D3591AC2E0BA45800BF7467 /* PBXTargetDependency */,
			);
			fileSystemSynchronizedGroups = (
				3D3591AD2E0BA45800BF7467 /* QuickCalculatorWatch Watch AppUITests */,
			);
			name = "QuickCalculatorWatch Watch AppUITests";
			packageProductDependencies = (
			);
			productName = "QuickCalculatorWatch Watch AppUITests";
			productReference = 3D3591AA2E0BA45800BF7467 /* QuickCalculatorWatch Watch AppUITests.xctest */;
			productType = "com.apple.product-type.bundle.ui-testing";
		};
/* End PBXNativeTarget section */

/* Begin PBXProject section */
		3D24FF0E2E0B8EBA0042C86F /* Project object */ = {
			isa = PBXProject;
			attributes = {
				BuildIndependentTargetsInParallel = 1;
				LastSwiftUpdateCheck = 1640;
				LastUpgradeCheck = 1640;
				TargetAttributes = {
					3D24FF152E0B8EBB0042C86F = {
						CreatedOnToolsVersion = 16.4;
					};
					3D24FF262E0B8EBC0042C86F = {
						CreatedOnToolsVersion = 16.4;
						TestTargetID = 3D24FF152E0B8EBB0042C86F;
					};
					3D24FF302E0B8EBC0042C86F = {
						CreatedOnToolsVersion = 16.4;
						TestTargetID = 3D24FF152E0B8EBB0042C86F;
					};
					3D35916E2E0BA45700BF7467 = {
						CreatedOnToolsVersion = 16.4;
					};
					3D35917A2E0BA45800BF7467 = {
						CreatedOnToolsVersion = 16.4;
						TestTargetID = 3D35916E2E0BA45700BF7467;
					};
					3D3591842E0BA45800BF7467 = {
						CreatedOnToolsVersion = 16.4;
						TestTargetID = 3D35916E2E0BA45700BF7467;
					};
					3D3591902E0BA45800BF7467 = {
						CreatedOnToolsVersion = 16.4;
					};
					3D35919F2E0BA45800BF7467 = {
						CreatedOnToolsVersion = 16.4;
						TestTargetID = 3D3591902E0BA45800BF7467;
					};
					3D3591A92E0BA45800BF7467 = {
						CreatedOnToolsVersion = 16.4;
						TestTargetID = 3D3591902E0BA45800BF7467;
					};
				};
			};
			buildConfigurationList = 3D24FF112E0B8EBA0042C86F /* Build configuration list for PBXProject "QuickCalculator" */;
			developmentRegion = en;
			hasScannedForEncodings = 0;
			knownRegions = (
				en,
				Base,
			);
			mainGroup = 3D24FF0D2E0B8EBA0042C86F;
			minimizedProjectReferenceProxies = 1;
			preferredProjectObjectVersion = 77;
			productRefGroup = 3D24FF172E0B8EBB0042C86F /* Products */;
			projectDirPath = "";
			projectRoot = "";
			targets = (
				3D24FF152E0B8EBB0042C86F /* QuickCalculator */,
				3D24FF262E0B8EBC0042C86F /* QuickCalculatorTests */,
				3D24FF302E0B8EBC0042C86F /* QuickCalculatorUITests */,
				3D35916E2E0BA45700BF7467 /* QuickCalculatorWatch */,
				3D35917A2E0BA45800BF7467 /* QuickCalculatorWatchTests */,
				3D3591842E0BA45800BF7467 /* QuickCalculatorWatchUITests */,
				3D3591902E0BA45800BF7467 /* QuickCalculatorWatch Watch App */,
				3D35919F2E0BA45800BF7467 /* QuickCalculatorWatch Watch AppTests */,
				3D3591A92E0BA45800BF7467 /* QuickCalculatorWatch Watch AppUITests */,
			);
		};
/* End PBXProject section */

/* Begin PBXResourcesBuildPhase section */
		3D24FF142E0B8EBB0042C86F /* Resources */ = {
			isa = PBXResourcesBuildPhase;
			buildActionMask = 2147483647;
			files = (
			);
			runOnlyForDeploymentPostprocessing = 0;
		};
		3D24FF252E0B8EBC0042C86F /* Resources */ = {
			isa = PBXResourcesBuildPhase;
			buildActionMask = 2147483647;
			files = (
			);
			runOnlyForDeploymentPostprocessing = 0;
		};
		3D24FF2F2E0B8EBC0042C86F /* Resources */ = {
			isa = PBXResourcesBuildPhase;
			buildActionMask = 2147483647;
			files = (
			);
			runOnlyForDeploymentPostprocessing = 0;
		};
		3D35916D2E0BA45700BF7467 /* Resources */ = {
			isa = PBXResourcesBuildPhase;
			buildActionMask = 2147483647;
			files = (
			);
			runOnlyForDeploymentPostprocessing = 0;
		};
		3D3591792E0BA45800BF7467 /* Resources */ = {
			isa = PBXResourcesBuildPhase;
			buildActionMask = 2147483647;
			files = (
			);
			runOnlyForDeploymentPostprocessing = 0;
		};
		3D3591832E0BA45800BF7467 /* Resources */ = {
			isa = PBXResourcesBuildPhase;
			buildActionMask = 2147483647;
			files = (
			);
			runOnlyForDeploymentPostprocessing = 0;
		};
		3D35918F2E0BA45800BF7467 /* Resources */ = {
			isa = PBXResourcesBuildPhase;
			buildActionMask = 2147483647;
			files = (
			);
			runOnlyForDeploymentPostprocessing = 0;
		};
		3D35919E2E0BA45800BF7467 /* Resources */ = {
			isa = PBXResourcesBuildPhase;
			buildActionMask = 2147483647;
			files = (
			);
			runOnlyForDeploymentPostprocessing = 0;
		};
		3D3591A82E0BA45800BF7467 /* Resources */ = {
			isa = PBXResourcesBuildPhase;
			buildActionMask = 2147483647;
			files = (
			);
			runOnlyForDeploymentPostprocessing = 0;
		};
/* End PBXResourcesBuildPhase section */

/* Begin PBXSourcesBuildPhase section */
		3D24FF122E0B8EBB0042C86F /* Sources */ = {
			isa = PBXSourcesBuildPhase;
			buildActionMask = 2147483647;
			files = (
			);
			runOnlyForDeploymentPostprocessing = 0;
		};
		3D24FF232E0B8EBC0042C86F /* Sources */ = {
			isa = PBXSourcesBuildPhase;
			buildActionMask = 2147483647;
			files = (
			);
			runOnlyForDeploymentPostprocessing = 0;
		};
		3D24FF2D2E0B8EBC0042C86F /* Sources */ = {
			isa = PBXSourcesBuildPhase;
			buildActionMask = 2147483647;
			files = (
			);
			runOnlyForDeploymentPostprocessing = 0;
		};
		3D35916B2E0BA45700BF7467 /* Sources */ = {
			isa = PBXSourcesBuildPhase;
			buildActionMask = 2147483647;
			files = (
			);
			runOnlyForDeploymentPostprocessing = 0;
		};
		3D3591772E0BA45800BF7467 /* Sources */ = {
			isa = PBXSourcesBuildPhase;
			buildActionMask = 2147483647;
			files = (
			);
			runOnlyForDeploymentPostprocessing = 0;
		};
		3D3591812E0BA45800BF7467 /* Sources */ = {
			isa = PBXSourcesBuildPhase;
			buildActionMask = 2147483647;
			files = (
			);
			runOnlyForDeploymentPostprocessing = 0;
		};
		3D35918D2E0BA45800BF7467 /* Sources */ = {
			isa = PBXSourcesBuildPhase;
			buildActionMask = 2147483647;
			files = (
			);
			runOnlyForDeploymentPostprocessing = 0;
		};
		3D35919C2E0BA45800BF7467 /* Sources */ = {
			isa = PBXSourcesBuildPhase;
			buildActionMask = 2147483647;
			files = (
			);
			runOnlyForDeploymentPostprocessing = 0;
		};
		3D3591A62E0BA45800BF7467 /* Sources */ = {
			isa = PBXSourcesBuildPhase;
			buildActionMask = 2147483647;
			files = (
			);
			runOnlyForDeploymentPostprocessing = 0;
		};
/* End PBXSourcesBuildPhase section */

/* Begin PBXTargetDependency section */
		3D24FF292E0B8EBC0042C86F /* PBXTargetDependency */ = {
			isa = PBXTargetDependency;
			target = 3D24FF152E0B8EBB0042C86F /* QuickCalculator */;
			targetProxy = 3D24FF282E0B8EBC0042C86F /* PBXContainerItemProxy */;
		};
		3D24FF332E0B8EBC0042C86F /* PBXTargetDependency */ = {
			isa = PBXTargetDependency;
			target = 3D24FF152E0B8EBB0042C86F /* QuickCalculator */;
			targetProxy = 3D24FF322E0B8EBC0042C86F /* PBXContainerItemProxy */;
		};
		3D35917D2E0BA45800BF7467 /* PBXTargetDependency */ = {
			isa = PBXTargetDependency;
			target = 3D35916E2E0BA45700BF7467 /* QuickCalculatorWatch */;
			targetProxy = 3D35917C2E0BA45800BF7467 /* PBXContainerItemProxy */;
		};
		3D3591872E0BA45800BF7467 /* PBXTargetDependency */ = {
			isa = PBXTargetDependency;
			target = 3D35916E2E0BA45700BF7467 /* QuickCalculatorWatch */;
			targetProxy = 3D3591862E0BA45800BF7467 /* PBXContainerItemProxy */;
		};
		3D3591942E0BA45800BF7467 /* PBXTargetDependency */ = {
			isa = PBXTargetDependency;
			target = 3D3591902E0BA45800BF7467 /* QuickCalculatorWatch Watch App */;
			targetProxy = 3D3591932E0BA45800BF7467 /* PBXContainerItemProxy */;
		};
		3D3591A22E0BA45800BF7467 /* PBXTargetDependency */ = {
			isa = PBXTargetDependency;
			target = 3D3591902E0BA45800BF7467 /* QuickCalculatorWatch Watch App */;
			targetProxy = 3D3591A12E0BA45800BF7467 /* PBXContainerItemProxy */;
		};
		3D3591AC2E0BA45800BF7467 /* PBXTargetDependency */ = {
			isa = PBXTargetDependency;
			target = 3D3591902E0BA45800BF7467 /* QuickCalculatorWatch Watch App */;
			targetProxy = 3D3591AB2E0BA45800BF7467 /* PBXContainerItemProxy */;
		};
/* End PBXTargetDependency section */

/* Begin XCBuildConfiguration section */
		3D24FF3B2E0B8EBC0042C86F /* Debug */ = {
			isa = XCBuildConfiguration;
			buildSettings = {
				ASSETCATALOG_COMPILER_APPICON_NAME = AppIcon;
				ASSETCATALOG_COMPILER_GLOBAL_ACCENT_COLOR_NAME = AccentColor;
				CODE_SIGN_ENTITLEMENTS = QuickCalculator/QuickCalculator.entitlements;
				CODE_SIGN_STYLE = Automatic;
				CURRENT_PROJECT_VERSION = 1;
				DEVELOPMENT_TEAM = JKJAVCD24R;
				ENABLE_PREVIEWS = YES;
				GENERATE_INFOPLIST_FILE = YES;
				INFOPLIST_FILE = QuickCalculator/Info.plist;
				INFOPLIST_KEY_LSApplicationCategoryType = "public.app-category.utilities";
				INFOPLIST_KEY_UIApplicationSceneManifest_Generation = YES;
				INFOPLIST_KEY_UIApplicationSupportsIndirectInputEvents = YES;
				INFOPLIST_KEY_UILaunchScreen_Generation = YES;
				INFOPLIST_KEY_UISupportedInterfaceOrientations_iPad = "UIInterfaceOrientationPortrait UIInterfaceOrientationPortraitUpsideDown UIInterfaceOrientationLandscapeLeft UIInterfaceOrientationLandscapeRight";
				INFOPLIST_KEY_UISupportedInterfaceOrientations_iPhone = "UIInterfaceOrientationPortrait UIInterfaceOrientationLandscapeLeft UIInterfaceOrientationLandscapeRight";
				LD_RUNPATH_SEARCH_PATHS = (
					"$(inherited)",
					"@executable_path/Frameworks",
				);
				MARKETING_VERSION = 1.0;
				PRODUCT_BUNDLE_IDENTIFIER = com.damiancedeno.QuickCalculator;
				PRODUCT_NAME = "$(TARGET_NAME)";
				SUPPORTED_PLATFORMS = "iphoneos iphonesimulator";
				SUPPORTS_MACCATALYST = NO;
				SUPPORTS_MAC_DESIGNED_FOR_IPHONE_IPAD = NO;
				SUPPORTS_XR_DESIGNED_FOR_IPHONE_IPAD = NO;
				SWIFT_EMIT_LOC_STRINGS = YES;
				SWIFT_VERSION = 5.0;
				TARGETED_DEVICE_FAMILY = 1;
			};
			name = Debug;
		};
		3D24FF3C2E0B8EBC0042C86F /* Release */ = {
			isa = XCBuildConfiguration;
			buildSettings = {
				ASSETCATALOG_COMPILER_APPICON_NAME = AppIcon;
				ASSETCATALOG_COMPILER_GLOBAL_ACCENT_COLOR_NAME = AccentColor;
				CODE_SIGN_ENTITLEMENTS = QuickCalculator/QuickCalculator.entitlements;
				CODE_SIGN_STYLE = Automatic;
				CURRENT_PROJECT_VERSION = 1;
				DEVELOPMENT_TEAM = JKJAVCD24R;
				ENABLE_PREVIEWS = YES;
				GENERATE_INFOPLIST_FILE = YES;
				INFOPLIST_FILE = QuickCalculator/Info.plist;
				INFOPLIST_KEY_LSApplicationCategoryType = "public.app-category.utilities";
				INFOPLIST_KEY_UIApplicationSceneManifest_Generation = YES;
				INFOPLIST_KEY_UIApplicationSupportsIndirectInputEvents = YES;
				INFOPLIST_KEY_UILaunchScreen_Generation = YES;
				INFOPLIST_KEY_UISupportedInterfaceOrientations_iPad = "UIInterfaceOrientationPortrait UIInterfaceOrientationPortraitUpsideDown UIInterfaceOrientationLandscapeLeft UIInterfaceOrientationLandscapeRight";
				INFOPLIST_KEY_UISupportedInterfaceOrientations_iPhone = "UIInterfaceOrientationPortrait UIInterfaceOrientationLandscapeLeft UIInterfaceOrientationLandscapeRight";
				LD_RUNPATH_SEARCH_PATHS = (
					"$(inherited)",
					"@executable_path/Frameworks",
				);
				MARKETING_VERSION = 1.0;
				PRODUCT_BUNDLE_IDENTIFIER = com.damiancedeno.QuickCalculator;
				PRODUCT_NAME = "$(TARGET_NAME)";
				SUPPORTED_PLATFORMS = "iphoneos iphonesimulator";
				SUPPORTS_MACCATALYST = NO;
				SUPPORTS_MAC_DESIGNED_FOR_IPHONE_IPAD = NO;
				SUPPORTS_XR_DESIGNED_FOR_IPHONE_IPAD = NO;
				SWIFT_EMIT_LOC_STRINGS = YES;
				SWIFT_VERSION = 5.0;
				TARGETED_DEVICE_FAMILY = 1;
			};
			name = Release;
		};
		3D24FF3D2E0B8EBC0042C86F /* Debug */ = {
			isa = XCBuildConfiguration;
			buildSettings = {
				ALWAYS_SEARCH_USER_PATHS = NO;
				ASSETCATALOG_COMPILER_GENERATE_SWIFT_ASSET_SYMBOL_EXTENSIONS = YES;
				CLANG_ANALYZER_NONNULL = YES;
				CLANG_ANALYZER_NUMBER_OBJECT_CONVERSION = YES_AGGRESSIVE;
				CLANG_CXX_LANGUAGE_STANDARD = "gnu++20";
				CLANG_ENABLE_MODULES = YES;
				CLANG_ENABLE_OBJC_ARC = YES;
				CLANG_ENABLE_OBJC_WEAK = YES;
				CLANG_WARN_BLOCK_CAPTURE_AUTORELEASING = YES;
				CLANG_WARN_BOOL_CONVERSION = YES;
				CLANG_WARN_COMMA = YES;
				CLANG_WARN_CONSTANT_CONVERSION = YES;
				CLANG_WARN_DEPRECATED_OBJC_IMPLEMENTATIONS = YES;
				CLANG_WARN_DIRECT_OBJC_ISA_USAGE = YES_ERROR;
				CLANG_WARN_DOCUMENTATION_COMMENTS = YES;
				CLANG_WARN_EMPTY_BODY = YES;
				CLANG_WARN_ENUM_CONVERSION = YES;
				CLANG_WARN_INFINITE_RECURSION = YES;
				CLANG_WARN_INT_CONVERSION = YES;
				CLANG_WARN_NON_LITERAL_NULL_CONVERSION = YES;
				CLANG_WARN_OBJC_IMPLICIT_RETAIN_SELF = YES;
				CLANG_WARN_OBJC_LITERAL_CONVERSION = YES;
				CLANG_WARN_OBJC_ROOT_CLASS = YES_ERROR;
				CLANG_WARN_QUOTED_INCLUDE_IN_FRAMEWORK_HEADER = YES;
				CLANG_WARN_RANGE_LOOP_ANALYSIS = YES;
				CLANG_WARN_STRICT_PROTOTYPES = YES;
				CLANG_WARN_SUSPICIOUS_MOVE = YES;
				CLANG_WARN_UNGUARDED_AVAILABILITY = YES_AGGRESSIVE;
				CLANG_WARN_UNREACHABLE_CODE = YES;
				CLANG_WARN__DUPLICATE_METHOD_MATCH = YES;
				COPY_PHASE_STRIP = NO;
				DEBUG_INFORMATION_FORMAT = dwarf;
				DEVELOPMENT_TEAM = JKJAVCD24R;
				ENABLE_STRICT_OBJC_MSGSEND = YES;
				ENABLE_TESTABILITY = YES;
				ENABLE_USER_SCRIPT_SANDBOXING = YES;
				GCC_C_LANGUAGE_STANDARD = gnu17;
				GCC_DYNAMIC_NO_PIC = NO;
				GCC_NO_COMMON_BLOCKS = YES;
				GCC_OPTIMIZATION_LEVEL = 0;
				GCC_PREPROCESSOR_DEFINITIONS = (
					"DEBUG=1",
					"$(inherited)",
				);
				GCC_WARN_64_TO_32_BIT_CONVERSION = YES;
				GCC_WARN_ABOUT_RETURN_TYPE = YES_ERROR;
				GCC_WARN_UNDECLARED_SELECTOR = YES;
				GCC_WARN_UNINITIALIZED_AUTOS = YES_AGGRESSIVE;
				GCC_WARN_UNUSED_FUNCTION = YES;
				GCC_WARN_UNUSED_VARIABLE = YES;
				IPHONEOS_DEPLOYMENT_TARGET = 18.5;
				LOCALIZATION_PREFERS_STRING_CATALOGS = YES;
				MTL_ENABLE_DEBUG_INFO = INCLUDE_SOURCE;
				MTL_FAST_MATH = YES;
				ONLY_ACTIVE_ARCH = YES;
				SDKROOT = iphoneos;
				SWIFT_ACTIVE_COMPILATION_CONDITIONS = "DEBUG $(inherited)";
				SWIFT_OPTIMIZATION_LEVEL = "-Onone";
			};
			name = Debug;
		};
		3D24FF3E2E0B8EBC0042C86F /* Release */ = {
			isa = XCBuildConfiguration;
			buildSettings = {
				ALWAYS_SEARCH_USER_PATHS = NO;
				ASSETCATALOG_COMPILER_GENERATE_SWIFT_ASSET_SYMBOL_EXTENSIONS = YES;
				CLANG_ANALYZER_NONNULL = YES;
				CLANG_ANALYZER_NUMBER_OBJECT_CONVERSION = YES_AGGRESSIVE;
				CLANG_CXX_LANGUAGE_STANDARD = "gnu++20";
				CLANG_ENABLE_MODULES = YES;
				CLANG_ENABLE_OBJC_ARC = YES;
				CLANG_ENABLE_OBJC_WEAK = YES;
				CLANG_WARN_BLOCK_CAPTURE_AUTORELEASING = YES;
				CLANG_WARN_BOOL_CONVERSION = YES;
				CLANG_WARN_COMMA = YES;
				CLANG_WARN_CONSTANT_CONVERSION = YES;
				CLANG_WARN_DEPRECATED_OBJC_IMPLEMENTATIONS = YES;
				CLANG_WARN_DIRECT_OBJC_ISA_USAGE = YES_ERROR;
				CLANG_WARN_DOCUMENTATION_COMMENTS = YES;
				CLANG_WARN_EMPTY_BODY = YES;
				CLANG_WARN_ENUM_CONVERSION = YES;
				CLANG_WARN_INFINITE_RECURSION = YES;
				CLANG_WARN_INT_CONVERSION = YES;
				CLANG_WARN_NON_LITERAL_NULL_CONVERSION = YES;
				CLANG_WARN_OBJC_IMPLICIT_RETAIN_SELF = YES;
				CLANG_WARN_OBJC_LITERAL_CONVERSION = YES;
				CLANG_WARN_OBJC_ROOT_CLASS = YES_ERROR;
				CLANG_WARN_QUOTED_INCLUDE_IN_FRAMEWORK_HEADER = YES;
				CLANG_WARN_RANGE_LOOP_ANALYSIS = YES;
				CLANG_WARN_STRICT_PROTOTYPES = YES;
				CLANG_WARN_SUSPICIOUS_MOVE = YES;
				CLANG_WARN_UNGUARDED_AVAILABILITY = YES_AGGRESSIVE;
				CLANG_WARN_UNREACHABLE_CODE = YES;
				CLANG_WARN__DUPLICATE_METHOD_MATCH = YES;
				COPY_PHASE_STRIP = NO;
				DEBUG_INFORMATION_FORMAT = "dwarf-with-dsym";
				DEVELOPMENT_TEAM = JKJAVCD24R;
				ENABLE_NS_ASSERTIONS = NO;
				ENABLE_STRICT_OBJC_MSGSEND = YES;
				ENABLE_USER_SCRIPT_SANDBOXING = YES;
				GCC_C_LANGUAGE_STANDARD = gnu17;
				GCC_NO_COMMON_BLOCKS = YES;
				GCC_WARN_64_TO_32_BIT_CONVERSION = YES;
				GCC_WARN_ABOUT_RETURN_TYPE = YES_ERROR;
				GCC_WARN_UNDECLARED_SELECTOR = YES;
				GCC_WARN_UNINITIALIZED_AUTOS = YES_AGGRESSIVE;
				GCC_WARN_UNUSED_FUNCTION = YES;
				GCC_WARN_UNUSED_VARIABLE = YES;
				IPHONEOS_DEPLOYMENT_TARGET = 18.5;
				LOCALIZATION_PREFERS_STRING_CATALOGS = YES;
				MTL_ENABLE_DEBUG_INFO = NO;
				MTL_FAST_MATH = YES;
				SDKROOT = iphoneos;
				SWIFT_COMPILATION_MODE = wholemodule;
				VALIDATE_PRODUCT = YES;
			};
			name = Release;
		};
		3D24FF402E0B8EBC0042C86F /* Debug */ = {
			isa = XCBuildConfiguration;
			buildSettings = {
				BUNDLE_LOADER = "$(TEST_HOST)";
				CODE_SIGN_STYLE = Automatic;
				CURRENT_PROJECT_VERSION = 1;
				DEVELOPMENT_TEAM = JKJAVCD24R;
				GENERATE_INFOPLIST_FILE = YES;
				IPHONEOS_DEPLOYMENT_TARGET = 18.5;
				MARKETING_VERSION = 1.0;
				PRODUCT_BUNDLE_IDENTIFIER = com.damiancedeno.QuickCalculatorTests;
				PRODUCT_NAME = "$(TARGET_NAME)";
				SWIFT_EMIT_LOC_STRINGS = NO;
				SWIFT_VERSION = 5.0;
				TARGETED_DEVICE_FAMILY = "1,2";
				TEST_HOST = "$(BUILT_PRODUCTS_DIR)/QuickCalculator.app/$(BUNDLE_EXECUTABLE_FOLDER_PATH)/QuickCalculator";
			};
			name = Debug;
		};
		3D24FF412E0B8EBC0042C86F /* Release */ = {
			isa = XCBuildConfiguration;
			buildSettings = {
				BUNDLE_LOADER = "$(TEST_HOST)";
				CODE_SIGN_STYLE = Automatic;
				CURRENT_PROJECT_VERSION = 1;
				DEVELOPMENT_TEAM = JKJAVCD24R;
				GENERATE_INFOPLIST_FILE = YES;
				IPHONEOS_DEPLOYMENT_TARGET = 18.5;
				MARKETING_VERSION = 1.0;
				PRODUCT_BUNDLE_IDENTIFIER = com.damiancedeno.QuickCalculatorTests;
				PRODUCT_NAME = "$(TARGET_NAME)";
				SWIFT_EMIT_LOC_STRINGS = NO;
				SWIFT_VERSION = 5.0;
				TARGETED_DEVICE_FAMILY = "1,2";
				TEST_HOST = "$(BUILT_PRODUCTS_DIR)/QuickCalculator.app/$(BUNDLE_EXECUTABLE_FOLDER_PATH)/QuickCalculator";
			};
			name = Release;
		};
		3D24FF432E0B8EBC0042C86F /* Debug */ = {
			isa = XCBuildConfiguration;
			buildSettings = {
				CODE_SIGN_STYLE = Automatic;
				CURRENT_PROJECT_VERSION = 1;
				DEVELOPMENT_TEAM = JKJAVCD24R;
				GENERATE_INFOPLIST_FILE = YES;
				MARKETING_VERSION = 1.0;
				PRODUCT_BUNDLE_IDENTIFIER = com.damiancedeno.QuickCalculatorUITests;
				PRODUCT_NAME = "$(TARGET_NAME)";
				SWIFT_EMIT_LOC_STRINGS = NO;
				SWIFT_VERSION = 5.0;
				TARGETED_DEVICE_FAMILY = "1,2";
				TEST_TARGET_NAME = QuickCalculator;
			};
			name = Debug;
		};
		3D24FF442E0B8EBC0042C86F /* Release */ = {
			isa = XCBuildConfiguration;
			buildSettings = {
				CODE_SIGN_STYLE = Automatic;
				CURRENT_PROJECT_VERSION = 1;
				DEVELOPMENT_TEAM = JKJAVCD24R;
				GENERATE_INFOPLIST_FILE = YES;
				MARKETING_VERSION = 1.0;
				PRODUCT_BUNDLE_IDENTIFIER = com.damiancedeno.QuickCalculatorUITests;
				PRODUCT_NAME = "$(TARGET_NAME)";
				SWIFT_EMIT_LOC_STRINGS = NO;
				SWIFT_VERSION = 5.0;
				TARGETED_DEVICE_FAMILY = "1,2";
				TEST_TARGET_NAME = QuickCalculator;
			};
			name = Release;
		};
		3D3591B32E0BA45800BF7467 /* Debug */ = {
			isa = XCBuildConfiguration;
			buildSettings = {
				ASSETCATALOG_COMPILER_APPICON_NAME = AppIcon;
				ASSETCATALOG_COMPILER_GLOBAL_ACCENT_COLOR_NAME = AccentColor;
				CODE_SIGN_STYLE = Automatic;
				CURRENT_PROJECT_VERSION = 1;
				DEVELOPMENT_TEAM = JKJAVCD24R;
				ENABLE_PREVIEWS = YES;
				GENERATE_INFOPLIST_FILE = YES;
				INFOPLIST_KEY_CFBundleDisplayName = QuickCalculatorWatch;
				INFOPLIST_KEY_UISupportedInterfaceOrientations = "UIInterfaceOrientationPortrait UIInterfaceOrientationPortraitUpsideDown";
				INFOPLIST_KEY_WKCompanionAppBundleIdentifier = com.damiancedeno.QuickCalculatorWatch;
				LD_RUNPATH_SEARCH_PATHS = (
					"$(inherited)",
					"@executable_path/Frameworks",
				);
				MARKETING_VERSION = 1.0;
				PRODUCT_BUNDLE_IDENTIFIER = com.damiancedeno.QuickCalculatorWatch.watchkitapp;
				PRODUCT_NAME = "$(TARGET_NAME)";
				SDKROOT = watchos;
				SKIP_INSTALL = YES;
				SWIFT_EMIT_LOC_STRINGS = YES;
				SWIFT_VERSION = 5.0;
				TARGETED_DEVICE_FAMILY = 4;
				WATCHOS_DEPLOYMENT_TARGET = 11.0;
			};
			name = Debug;
		};
		3D3591B42E0BA45800BF7467 /* Release */ = {
			isa = XCBuildConfiguration;
			buildSettings = {
				ASSETCATALOG_COMPILER_APPICON_NAME = AppIcon;
				ASSETCATALOG_COMPILER_GLOBAL_ACCENT_COLOR_NAME = AccentColor;
				CODE_SIGN_STYLE = Automatic;
				CURRENT_PROJECT_VERSION = 1;
				DEVELOPMENT_TEAM = JKJAVCD24R;
				ENABLE_PREVIEWS = YES;
				GENERATE_INFOPLIST_FILE = YES;
				INFOPLIST_KEY_CFBundleDisplayName = QuickCalculatorWatch;
				INFOPLIST_KEY_UISupportedInterfaceOrientations = "UIInterfaceOrientationPortrait UIInterfaceOrientationPortraitUpsideDown";
				INFOPLIST_KEY_WKCompanionAppBundleIdentifier = com.damiancedeno.QuickCalculatorWatch;
				LD_RUNPATH_SEARCH_PATHS = (
					"$(inherited)",
					"@executable_path/Frameworks",
				);
				MARKETING_VERSION = 1.0;
				PRODUCT_BUNDLE_IDENTIFIER = com.damiancedeno.QuickCalculatorWatch.watchkitapp;
				PRODUCT_NAME = "$(TARGET_NAME)";
				SDKROOT = watchos;
				SKIP_INSTALL = YES;
				SWIFT_EMIT_LOC_STRINGS = YES;
				SWIFT_VERSION = 5.0;
				TARGETED_DEVICE_FAMILY = 4;
				WATCHOS_DEPLOYMENT_TARGET = 11.0;
			};
			name = Release;
		};
		3D3591B72E0BA45800BF7467 /* Debug */ = {
			isa = XCBuildConfiguration;
			buildSettings = {
				ASSETCATALOG_COMPILER_APPICON_NAME = AppIcon;
				ASSETCATALOG_COMPILER_GLOBAL_ACCENT_COLOR_NAME = AccentColor;
				CODE_SIGN_STYLE = Automatic;
				CURRENT_PROJECT_VERSION = 1;
				DEVELOPMENT_TEAM = JKJAVCD24R;
				ENABLE_PREVIEWS = YES;
				GENERATE_INFOPLIST_FILE = YES;
				INFOPLIST_KEY_CFBundleDisplayName = QuickCalculatorWatch;
				INFOPLIST_KEY_UIApplicationSceneManifest_Generation = YES;
				INFOPLIST_KEY_UIApplicationSupportsIndirectInputEvents = YES;
				INFOPLIST_KEY_UILaunchScreen_Generation = YES;
				INFOPLIST_KEY_UISupportedInterfaceOrientations_iPad = "UIInterfaceOrientationPortrait UIInterfaceOrientationPortraitUpsideDown UIInterfaceOrientationLandscapeLeft UIInterfaceOrientationLandscapeRight";
				INFOPLIST_KEY_UISupportedInterfaceOrientations_iPhone = "UIInterfaceOrientationPortrait UIInterfaceOrientationLandscapeLeft UIInterfaceOrientationLandscapeRight";
				LD_RUNPATH_SEARCH_PATHS = (
					"$(inherited)",
					"@executable_path/Frameworks",
				);
				MARKETING_VERSION = 1.0;
				PRODUCT_BUNDLE_IDENTIFIER = com.damiancedeno.QuickCalculatorWatch;
				PRODUCT_NAME = "$(TARGET_NAME)";
				SUPPORTED_PLATFORMS = "iphoneos iphonesimulator";
				SUPPORTS_MACCATALYST = NO;
				SUPPORTS_MAC_DESIGNED_FOR_IPHONE_IPAD = NO;
				SUPPORTS_XR_DESIGNED_FOR_IPHONE_IPAD = NO;
				SWIFT_EMIT_LOC_STRINGS = YES;
				SWIFT_VERSION = 5.0;
				TARGETED_DEVICE_FAMILY = 1;
			};
			name = Debug;
		};
		3D3591B82E0BA45800BF7467 /* Release */ = {
			isa = XCBuildConfiguration;
			buildSettings = {
				ASSETCATALOG_COMPILER_APPICON_NAME = AppIcon;
				ASSETCATALOG_COMPILER_GLOBAL_ACCENT_COLOR_NAME = AccentColor;
				CODE_SIGN_STYLE = Automatic;
				CURRENT_PROJECT_VERSION = 1;
				DEVELOPMENT_TEAM = JKJAVCD24R;
				ENABLE_PREVIEWS = YES;
				GENERATE_INFOPLIST_FILE = YES;
				INFOPLIST_KEY_CFBundleDisplayName = QuickCalculatorWatch;
				INFOPLIST_KEY_UIApplicationSceneManifest_Generation = YES;
				INFOPLIST_KEY_UIApplicationSupportsIndirectInputEvents = YES;
				INFOPLIST_KEY_UILaunchScreen_Generation = YES;
				INFOPLIST_KEY_UISupportedInterfaceOrientations_iPad = "UIInterfaceOrientationPortrait UIInterfaceOrientationPortraitUpsideDown UIInterfaceOrientationLandscapeLeft UIInterfaceOrientationLandscapeRight";
				INFOPLIST_KEY_UISupportedInterfaceOrientations_iPhone = "UIInterfaceOrientationPortrait UIInterfaceOrientationLandscapeLeft UIInterfaceOrientationLandscapeRight";
				LD_RUNPATH_SEARCH_PATHS = (
					"$(inherited)",
					"@executable_path/Frameworks",
				);
				MARKETING_VERSION = 1.0;
				PRODUCT_BUNDLE_IDENTIFIER = com.damiancedeno.QuickCalculatorWatch;
				PRODUCT_NAME = "$(TARGET_NAME)";
				SUPPORTED_PLATFORMS = "iphoneos iphonesimulator";
				SUPPORTS_MACCATALYST = NO;
				SUPPORTS_MAC_DESIGNED_FOR_IPHONE_IPAD = NO;
				SUPPORTS_XR_DESIGNED_FOR_IPHONE_IPAD = NO;
				SWIFT_EMIT_LOC_STRINGS = YES;
				SWIFT_VERSION = 5.0;
				TARGETED_DEVICE_FAMILY = 1;
			};
			name = Release;
		};
		3D3591BA2E0BA45800BF7467 /* Debug */ = {
			isa = XCBuildConfiguration;
			buildSettings = {
				BUNDLE_LOADER = "$(TEST_HOST)";
				CODE_SIGN_STYLE = Automatic;
				CURRENT_PROJECT_VERSION = 1;
				DEVELOPMENT_TEAM = JKJAVCD24R;
				GENERATE_INFOPLIST_FILE = YES;
				IPHONEOS_DEPLOYMENT_TARGET = 18.5;
				MARKETING_VERSION = 1.0;
				PRODUCT_BUNDLE_IDENTIFIER = com.damiancedeno.QuickCalculatorWatchTests;
				PRODUCT_NAME = "$(TARGET_NAME)";
				SWIFT_EMIT_LOC_STRINGS = NO;
				SWIFT_VERSION = 5.0;
				TARGETED_DEVICE_FAMILY = "1,2";
				TEST_HOST = "$(BUILT_PRODUCTS_DIR)/QuickCalculatorWatch.app/$(BUNDLE_EXECUTABLE_FOLDER_PATH)/QuickCalculatorWatch";
			};
			name = Debug;
		};
		3D3591BB2E0BA45800BF7467 /* Release */ = {
			isa = XCBuildConfiguration;
			buildSettings = {
				BUNDLE_LOADER = "$(TEST_HOST)";
				CODE_SIGN_STYLE = Automatic;
				CURRENT_PROJECT_VERSION = 1;
				DEVELOPMENT_TEAM = JKJAVCD24R;
				GENERATE_INFOPLIST_FILE = YES;
				IPHONEOS_DEPLOYMENT_TARGET = 18.5;
				MARKETING_VERSION = 1.0;
				PRODUCT_BUNDLE_IDENTIFIER = com.damiancedeno.QuickCalculatorWatchTests;
				PRODUCT_NAME = "$(TARGET_NAME)";
				SWIFT_EMIT_LOC_STRINGS = NO;
				SWIFT_VERSION = 5.0;
				TARGETED_DEVICE_FAMILY = "1,2";
				TEST_HOST = "$(BUILT_PRODUCTS_DIR)/QuickCalculatorWatch.app/$(BUNDLE_EXECUTABLE_FOLDER_PATH)/QuickCalculatorWatch";
			};
			name = Release;
		};
		3D3591BD2E0BA45800BF7467 /* Debug */ = {
			isa = XCBuildConfiguration;
			buildSettings = {
				CODE_SIGN_STYLE = Automatic;
				CURRENT_PROJECT_VERSION = 1;
				DEVELOPMENT_TEAM = JKJAVCD24R;
				GENERATE_INFOPLIST_FILE = YES;
				MARKETING_VERSION = 1.0;
				PRODUCT_BUNDLE_IDENTIFIER = com.damiancedeno.QuickCalculatorWatchUITests;
				PRODUCT_NAME = "$(TARGET_NAME)";
				SWIFT_EMIT_LOC_STRINGS = NO;
				SWIFT_VERSION = 5.0;
				TARGETED_DEVICE_FAMILY = "1,2";
				TEST_TARGET_NAME = QuickCalculatorWatch;
			};
			name = Debug;
		};
		3D3591BE2E0BA45800BF7467 /* Release */ = {
			isa = XCBuildConfiguration;
			buildSettings = {
				CODE_SIGN_STYLE = Automatic;
				CURRENT_PROJECT_VERSION = 1;
				DEVELOPMENT_TEAM = JKJAVCD24R;
				GENERATE_INFOPLIST_FILE = YES;
				MARKETING_VERSION = 1.0;
				PRODUCT_BUNDLE_IDENTIFIER = com.damiancedeno.QuickCalculatorWatchUITests;
				PRODUCT_NAME = "$(TARGET_NAME)";
				SWIFT_EMIT_LOC_STRINGS = NO;
				SWIFT_VERSION = 5.0;
				TARGETED_DEVICE_FAMILY = "1,2";
				TEST_TARGET_NAME = QuickCalculatorWatch;
			};
			name = Release;
		};
		3D3591C02E0BA45800BF7467 /* Debug */ = {
			isa = XCBuildConfiguration;
			buildSettings = {
				BUNDLE_LOADER = "$(TEST_HOST)";
				CODE_SIGN_STYLE = Automatic;
				CURRENT_PROJECT_VERSION = 1;
				DEVELOPMENT_TEAM = JKJAVCD24R;
				GENERATE_INFOPLIST_FILE = YES;
				MARKETING_VERSION = 1.0;
				PRODUCT_BUNDLE_IDENTIFIER = "com.damiancedeno.QuickCalculatorWatch-Watch-AppTests";
				PRODUCT_NAME = "$(TARGET_NAME)";
				SDKROOT = watchos;
				SWIFT_EMIT_LOC_STRINGS = NO;
				SWIFT_VERSION = 5.0;
				TARGETED_DEVICE_FAMILY = 4;
				TEST_HOST = "$(BUILT_PRODUCTS_DIR)/QuickCalculatorWatch Watch App.app/$(BUNDLE_EXECUTABLE_FOLDER_PATH)/QuickCalculatorWatch Watch App";
				WATCHOS_DEPLOYMENT_TARGET = 11.5;
			};
			name = Debug;
		};
		3D3591C12E0BA45800BF7467 /* Release */ = {
			isa = XCBuildConfiguration;
			buildSettings = {
				BUNDLE_LOADER = "$(TEST_HOST)";
				CODE_SIGN_STYLE = Automatic;
				CURRENT_PROJECT_VERSION = 1;
				DEVELOPMENT_TEAM = JKJAVCD24R;
				GENERATE_INFOPLIST_FILE = YES;
				MARKETING_VERSION = 1.0;
				PRODUCT_BUNDLE_IDENTIFIER = "com.damiancedeno.QuickCalculatorWatch-Watch-AppTests";
				PRODUCT_NAME = "$(TARGET_NAME)";
				SDKROOT = watchos;
				SWIFT_EMIT_LOC_STRINGS = NO;
				SWIFT_VERSION = 5.0;
				TARGETED_DEVICE_FAMILY = 4;
				TEST_HOST = "$(BUILT_PRODUCTS_DIR)/QuickCalculatorWatch Watch App.app/$(BUNDLE_EXECUTABLE_FOLDER_PATH)/QuickCalculatorWatch Watch App";
				WATCHOS_DEPLOYMENT_TARGET = 11.5;
			};
			name = Release;
		};
		3D3591C32E0BA45800BF7467 /* Debug */ = {
			isa = XCBuildConfiguration;
			buildSettings = {
				CODE_SIGN_STYLE = Automatic;
				CURRENT_PROJECT_VERSION = 1;
				DEVELOPMENT_TEAM = JKJAVCD24R;
				GENERATE_INFOPLIST_FILE = YES;
				MARKETING_VERSION = 1.0;
				PRODUCT_BUNDLE_IDENTIFIER = "com.damiancedeno.QuickCalculatorWatch-Watch-AppUITests";
				PRODUCT_NAME = "$(TARGET_NAME)";
				SDKROOT = watchos;
				SWIFT_EMIT_LOC_STRINGS = NO;
				SWIFT_VERSION = 5.0;
				TARGETED_DEVICE_FAMILY = 4;
				TEST_TARGET_NAME = "QuickCalculatorWatch Watch App";
				WATCHOS_DEPLOYMENT_TARGET = 11.5;
			};
			name = Debug;
		};
		3D3591C42E0BA45800BF7467 /* Release */ = {
			isa = XCBuildConfiguration;
			buildSettings = {
				CODE_SIGN_STYLE = Automatic;
				CURRENT_PROJECT_VERSION = 1;
				DEVELOPMENT_TEAM = JKJAVCD24R;
				GENERATE_INFOPLIST_FILE = YES;
				MARKETING_VERSION = 1.0;
				PRODUCT_BUNDLE_IDENTIFIER = "com.damiancedeno.QuickCalculatorWatch-Watch-AppUITests";
				PRODUCT_NAME = "$(TARGET_NAME)";
				SDKROOT = watchos;
				SWIFT_EMIT_LOC_STRINGS = NO;
				SWIFT_VERSION = 5.0;
				TARGETED_DEVICE_FAMILY = 4;
				TEST_TARGET_NAME = "QuickCalculatorWatch Watch App";
				WATCHOS_DEPLOYMENT_TARGET = 11.5;
			};
			name = Release;
		};
/* End XCBuildConfiguration section */

/* Begin XCConfigurationList section */
		3D24FF112E0B8EBA0042C86F /* Build configuration list for PBXProject "QuickCalculator" */ = {
			isa = XCConfigurationList;
			buildConfigurations = (
				3D24FF3D2E0B8EBC0042C86F /* Debug */,
				3D24FF3E2E0B8EBC0042C86F /* Release */,
			);
			defaultConfigurationIsVisible = 0;
			defaultConfigurationName = Release;
		};
		3D24FF3A2E0B8EBC0042C86F /* Build configuration list for PBXNativeTarget "QuickCalculator" */ = {
			isa = XCConfigurationList;
			buildConfigurations = (
				3D24FF3B2E0B8EBC0042C86F /* Debug */,
				3D24FF3C2E0B8EBC0042C86F /* Release */,
			);
			defaultConfigurationIsVisible = 0;
			defaultConfigurationName = Release;
		};
		3D24FF3F2E0B8EBC0042C86F /* Build configuration list for PBXNativeTarget "QuickCalculatorTests" */ = {
			isa = XCConfigurationList;
			buildConfigurations = (
				3D24FF402E0B8EBC0042C86F /* Debug */,
				3D24FF412E0B8EBC0042C86F /* Release */,
			);
			defaultConfigurationIsVisible = 0;
			defaultConfigurationName = Release;
		};
		3D24FF422E0B8EBC0042C86F /* Build configuration list for PBXNativeTarget "QuickCalculatorUITests" */ = {
			isa = XCConfigurationList;
			buildConfigurations = (
				3D24FF432E0B8EBC0042C86F /* Debug */,
				3D24FF442E0B8EBC0042C86F /* Release */,
			);
			defaultConfigurationIsVisible = 0;
			defaultConfigurationName = Release;
		};
		3D3591B22E0BA45800BF7467 /* Build configuration list for PBXNativeTarget "QuickCalculatorWatch Watch App" */ = {
			isa = XCConfigurationList;
			buildConfigurations = (
				3D3591B32E0BA45800BF7467 /* Debug */,
				3D3591B42E0BA45800BF7467 /* Release */,
			);
			defaultConfigurationIsVisible = 0;
			defaultConfigurationName = Release;
		};
		3D3591B62E0BA45800BF7467 /* Build configuration list for PBXNativeTarget "QuickCalculatorWatch" */ = {
			isa = XCConfigurationList;
			buildConfigurations = (
				3D3591B72E0BA45800BF7467 /* Debug */,
				3D3591B82E0BA45800BF7467 /* Release */,
			);
			defaultConfigurationIsVisible = 0;
			defaultConfigurationName = Release;
		};
		3D3591B92E0BA45800BF7467 /* Build configuration list for PBXNativeTarget "QuickCalculatorWatchTests" */ = {
			isa = XCConfigurationList;
			buildConfigurations = (
				3D3591BA2E0BA45800BF7467 /* Debug */,
				3D3591BB2E0BA45800BF7467 /* Release */,
			);
			defaultConfigurationIsVisible = 0;
			defaultConfigurationName = Release;
		};
		3D3591BC2E0BA45800BF7467 /* Build configuration list for PBXNativeTarget "QuickCalculatorWatchUITests" */ = {
			isa = XCConfigurationList;
			buildConfigurations = (
				3D3591BD2E0BA45800BF7467 /* Debug */,
				3D3591BE2E0BA45800BF7467 /* Release */,
			);
			defaultConfigurationIsVisible = 0;
			defaultConfigurationName = Release;
		};
		3D3591BF2E0BA45800BF7467 /* Build configuration list for PBXNativeTarget "QuickCalculatorWatch Watch AppTests" */ = {
			isa = XCConfigurationList;
			buildConfigurations = (
				3D3591C02E0BA45800BF7467 /* Debug */,
				3D3591C12E0BA45800BF7467 /* Release */,
			);
			defaultConfigurationIsVisible = 0;
			defaultConfigurationName = Release;
		};
		3D3591C22E0BA45800BF7467 /* Build configuration list for PBXNativeTarget "QuickCalculatorWatch Watch AppUITests" */ = {
			isa = XCConfigurationList;
			buildConfigurations = (
				3D3591C32E0BA45800BF7467 /* Debug */,
				3D3591C42E0BA45800BF7467 /* Release */,
			);
			defaultConfigurationIsVisible = 0;
			defaultConfigurationName = Release;
		};
/* End XCConfigurationList section */
	};
	rootObject = 3D24FF0E2E0B8EBA0042C86F /* Project object */;
}
